
Microsoft Visual Studio Solution File, Format Version 12.00
# Visual Studio 15
VisualStudioVersion = 15.0.27130.2027
MinimumVisualStudioVersion = 10.0.40219.1
Project("{FAE04EC0-301F-11D3-BF4B-00C04F79EFBC}") = "EstimativaCalculo", "EstimativaCalculo\EstimativaCalculo.csproj", "{684D6662-9570-4891-9B48-531FBA907C44}"
EndProject
Global
	GlobalSection(SolutionConfigurationPlatforms) = preSolution
		Debug|Any CPU = Debug|Any CPU
		Release|Any CPU = Release|Any CPU
	EndGlobalSection
	GlobalSection(ProjectConfigurationPlatforms) = postSolution
		{684D6662-9570-4891-9B48-531FBA907C44}.Debug|Any CPU.ActiveCfg = Debug|Any CPU
		{684D6662-9570-4891-9B48-531FBA907C44}.Debug|Any CPU.Build.0 = Debug|Any CPU
		{684D6662-9570-4891-9B48-531FBA907C44}.Release|Any CPU.ActiveCfg = Release|Any CPU
		{684D6662-9570-4891-9B48-531FBA907C44}.Release|Any CPU.Build.0 = Release|Any CPU
	EndGlobalSection
	GlobalSection(SolutionProperties) = preSolution
		HideSolutionNode = FALSE
	EndGlobalSection
	GlobalSection(ExtensibilityGlobals) = postSolution
		SolutionGuid = {64B00867-97C5-4C40-BD66-0BFCCF270F8F}
	EndGlobalSection
EndGlobal
